
Microsoft Visual Studio Solution File, Format Version 12.00
# Visual Studio Version 16
VisualStudioVersion = 16.0.31112.23
MinimumVisualStudioVersion = 10.0.40219.1
Project("{FAE04EC0-301F-11D3-BF4B-00C04F79EFBC}") = "Notepad", "Notepad\Notepad.csproj", "{852E4670-515C-4B5D-BE8B-5265AA77D91A}"
EndProject
Project("{9A19103F-16F7-4668-BE54-9A1E7A4F7556}") = "Application.Client", "Application.Client\Application.Client.csproj", "{2DC1951C-8733-4EA5-8214-00963333E21A}"
EndProject
Project("{9A19103F-16F7-4668-BE54-9A1E7A4F7556}") = "Application.Core", "Application.Core\Application.Core.csproj", "{155E0262-E51E-4285-8514-6CB982A3D2D8}"
EndProject
Project("{FAE04EC0-301F-11D3-BF4B-00C04F79EFBC}") = "Application.Client.Dialogs", "Application.Client.Dialogs\Application.Client.Dialogs.csproj", "{2F2A6A99-B0EA-4A6F-B8B9-0DD110D303D3}"
EndProject
Project("{FAE04EC0-301F-11D3-BF4B-00C04F79EFBC}") = "Application.Utilities", "Application.Utilities\Application.Utilities.csproj", "{A5191321-C28C-46E2-BB07-E5305488D4E3}"
EndProject
Global
	GlobalSection(SolutionConfigurationPlatforms) = preSolution
		Debug|Any CPU = Debug|Any CPU
		Release|Any CPU = Release|Any CPU
	EndGlobalSection
	GlobalSection(ProjectConfigurationPlatforms) = postSolution
		{852E4670-515C-4B5D-BE8B-5265AA77D91A}.Debug|Any CPU.ActiveCfg = Debug|Any CPU
		{852E4670-515C-4B5D-BE8B-5265AA77D91A}.Debug|Any CPU.Build.0 = Debug|Any CPU
		{852E4670-515C-4B5D-BE8B-5265AA77D91A}.Release|Any CPU.ActiveCfg = Release|Any CPU
		{852E4670-515C-4B5D-BE8B-5265AA77D91A}.Release|Any CPU.Build.0 = Release|Any CPU
		{2DC1951C-8733-4EA5-8214-00963333E21A}.Debug|Any CPU.ActiveCfg = Debug|Any CPU
		{2DC1951C-8733-4EA5-8214-00963333E21A}.Debug|Any CPU.Build.0 = Debug|Any CPU
		{2DC1951C-8733-4EA5-8214-00963333E21A}.Release|Any CPU.ActiveCfg = Release|Any CPU
		{2DC1951C-8733-4EA5-8214-00963333E21A}.Release|Any CPU.Build.0 = Release|Any CPU
		{155E0262-E51E-4285-8514-6CB982A3D2D8}.Debug|Any CPU.ActiveCfg = Debug|Any CPU
		{155E0262-E51E-4285-8514-6CB982A3D2D8}.Debug|Any CPU.Build.0 = Debug|Any CPU
		{155E0262-E51E-4285-8514-6CB982A3D2D8}.Release|Any CPU.ActiveCfg = Release|Any CPU
		{155E0262-E51E-4285-8514-6CB982A3D2D8}.Release|Any CPU.Build.0 = Release|Any CPU
		{2F2A6A99-B0EA-4A6F-B8B9-0DD110D303D3}.Debug|Any CPU.ActiveCfg = Debug|Any CPU
		{2F2A6A99-B0EA-4A6F-B8B9-0DD110D303D3}.Debug|Any CPU.Build.0 = Debug|Any CPU
		{2F2A6A99-B0EA-4A6F-B8B9-0DD110D303D3}.Release|Any CPU.ActiveCfg = Release|Any CPU
		{2F2A6A99-B0EA-4A6F-B8B9-0DD110D303D3}.Release|Any CPU.Build.0 = Release|Any CPU
		{A5191321-C28C-46E2-BB07-E5305488D4E3}.Debug|Any CPU.ActiveCfg = Debug|Any CPU
		{A5191321-C28C-46E2-BB07-E5305488D4E3}.Debug|Any CPU.Build.0 = Debug|Any CPU
		{A5191321-C28C-46E2-BB07-E5305488D4E3}.Release|Any CPU.ActiveCfg = Release|Any CPU
		{A5191321-C28C-46E2-BB07-E5305488D4E3}.Release|Any CPU.Build.0 = Release|Any CPU
	EndGlobalSection
	GlobalSection(SolutionProperties) = preSolution
		HideSolutionNode = FALSE
	EndGlobalSection
	GlobalSection(ExtensibilityGlobals) = postSolution
		SolutionGuid = {8FC56EC5-56AC-4C26-9B98-6475BC88D746}
	EndGlobalSection
EndGlobal
